
Microsoft Visual Studio Solution File, Format Version 12.00
# Visual Studio 2013
VisualStudioVersion = 12.0.21005.1
MinimumVisualStudioVersion = 10.0.40219.1
Project("{FAE04EC0-301F-11D3-BF4B-00C04F79EFBC}") = "baptisthealth", "baptisthealth\baptisthealth.csproj", "{B227DE9D-B65E-405C-B640-E2D1621A15D2}"
EndProject
Project("{FAE04EC0-301F-11D3-BF4B-00C04F79EFBC}") = "baptisthealth.Tests", "baptisthealth.Tests\baptisthealth.Tests.csproj", "{5D88D4FB-9330-41B5-BB7E-A279B8592313}"
EndProject
Global
	GlobalSection(SolutionConfigurationPlatforms) = preSolution
		Debug|Any CPU = Debug|Any CPU
		Release|Any CPU = Release|Any CPU
	EndGlobalSection
	GlobalSection(ProjectConfigurationPlatforms) = postSolution
		{B227DE9D-B65E-405C-B640-E2D1621A15D2}.Debug|Any CPU.ActiveCfg = Debug|Any CPU
		{B227DE9D-B65E-405C-B640-E2D1621A15D2}.Debug|Any CPU.Build.0 = Debug|Any CPU
		{B227DE9D-B65E-405C-B640-E2D1621A15D2}.Release|Any CPU.ActiveCfg = Release|Any CPU
		{B227DE9D-B65E-405C-B640-E2D1621A15D2}.Release|Any CPU.Build.0 = Release|Any CPU
		{5D88D4FB-9330-41B5-BB7E-A279B8592313}.Debug|Any CPU.ActiveCfg = Debug|Any CPU
		{5D88D4FB-9330-41B5-BB7E-A279B8592313}.Debug|Any CPU.Build.0 = Debug|Any CPU
		{5D88D4FB-9330-41B5-BB7E-A279B8592313}.Release|Any CPU.ActiveCfg = Release|Any CPU
		{5D88D4FB-9330-41B5-BB7E-A279B8592313}.Release|Any CPU.Build.0 = Release|Any CPU
	EndGlobalSection
	GlobalSection(SolutionProperties) = preSolution
		HideSolutionNode = FALSE
	EndGlobalSection
EndGlobal
